// !$*UTF8*$!
{
	archiveVersion = 1;
	classes = {
	};
	objectVersion = 77;
	objects = {

/* Begin PBXBuildFile section */
		13CE6C2DF7A961177DECE074 /* DeleteShowSheet.swift in Sources */ = {isa = PBXBuildFile; fileRef = 132D4E144CE66237000078F5 /* DeleteShowSheet.swift */; };
		1D0AAB2401EFEADA6CDDEB2C /* ShowRecorderApp.swift in Sources */ = {isa = PBXBuildFile; fileRef = 7433F0C38BA17BE5139E5326 /* ShowRecorderApp.swift */; };
		255D20FDD3402F29F4A72FE9 /* ShowListView.swift in Sources */ = {isa = PBXBuildFile; fileRef = 034579A5DCE44DCC61521CA4 /* ShowListView.swift */; };
		27511B0372DDD64DA03A84AC /* AudioSessionEvents.swift in Sources */ = {isa = PBXBuildFile; fileRef = A28ABB2DC3361762848F2190 /* AudioSessionEvents.swift */; };
		32D2E536D45006ECF7CCDB6E /* Recording in Frameworks */ = {isa = PBXBuildFile; productRef = E4B425D454C0ADEC5187ABCF /* Recording */; };
		3F72BDB1F6F5F7C117C7A4DF /* ChannelNamesView.swift in Sources */ = {isa = PBXBuildFile; fileRef = F37D396FDE04128489306DC3 /* ChannelNamesView.swift */; };
		42E521FCCC800B2B20D0B69B /* WindowCloseGuard.swift in Sources */ = {isa = PBXBuildFile; fileRef = 8DFAA5CBF9186C8638F0BDDD /* WindowCloseGuard.swift */; };
		47525D0C9DECC739535A5E15 /* DemoAudioDevice.swift in Sources */ = {isa = PBXBuildFile; fileRef = 2794C7A06BF3F0B4E5F274F6 /* DemoAudioDevice.swift */; };
		4B1D83A876DD31D7B6E31F73 /* AppearanceStyle.swift in Sources */ = {isa = PBXBuildFile; fileRef = 3F1B5EEDD8FA484B7416BB0B /* AppearanceStyle.swift */; };
		4B277180EC441F56D74ED665 /* Assets.xcassets in Resources */ = {isa = PBXBuildFile; fileRef = 8F032F2B06E5F2F3AA51A95B /* Assets.xcassets */; };
		75CA30F76EAD77FB29C41E7C /* StatusStrip.swift in Sources */ = {isa = PBXBuildFile; fileRef = 3F25297D625A2C059541D858 /* StatusStrip.swift */; };
		7978ADCB74542A7F2803E11F /* MeterGrid.swift in Sources */ = {isa = PBXBuildFile; fileRef = BB46E32691A6C070E799F33D /* MeterGrid.swift */; };
		992430B53737588E241A07B2 /* RecordScreen.swift in Sources */ = {isa = PBXBuildFile; fileRef = 84AAAF44EF0038E4AFC2D899 /* RecordScreen.swift */; };
		A159D220EC3F72CD05142F7A /* LaunchFlag.swift in Sources */ = {isa = PBXBuildFile; fileRef = 625D1286301830679767FD67 /* LaunchFlag.swift */; };
		A9A8E28730C7E54C34DF1CAE /* CoreAudioIO in Frameworks */ = {isa = PBXBuildFile; productRef = F366717F80C358C5B3DD7D70 /* CoreAudioIO */; };
		B243E4DC015F2D21E51CF47F /* PowerMonitor.swift in Sources */ = {isa = PBXBuildFile; fileRef = 90AA2E3938B5B72E1F6B30B8 /* PowerMonitor.swift */; };
		B5FB0EEE03B673365A8114BA /* MarkerListView.swift in Sources */ = {isa = PBXBuildFile; fileRef = 078720CF89E26EE2F4248B22 /* MarkerListView.swift */; };
		BADEF205E3EB926F596C5E62 /* ProSection.swift in Sources */ = {isa = PBXBuildFile; fileRef = 5E878A7AD64F581255B82A6E /* ProSection.swift */; };
		BD8A89087734093AB7AABE15 /* DriveFolderModel.swift in Sources */ = {isa = PBXBuildFile; fileRef = 497820F0F5EF694FC7765883 /* DriveFolderModel.swift */; };
		BDB211EC46C2B160A043D06F /* SettingsView.swift in Sources */ = {isa = PBXBuildFile; fileRef = 8CC47A3C7EE61A034F3F6FE0 /* SettingsView.swift */; };
		C68029C5842FA7BCB2FBF535 /* ProStore.swift in Sources */ = {isa = PBXBuildFile; fileRef = 93A6FB94028F7291894E26FC /* ProStore.swift */; };
		C8FAB22502DCD4DD3F5DED9D /* NewShowSheet.swift in Sources */ = {isa = PBXBuildFile; fileRef = 391362E4626ED278BF3DF54D /* NewShowSheet.swift */; };
		CD0970AC1E67A961E697395E /* ShowDetailView.swift in Sources */ = {isa = PBXBuildFile; fileRef = 2220CC601D180E6771D03197 /* ShowDetailView.swift */; };
		CFC9F8D3194115954ABE8B0D /* Destinations in Frameworks */ = {isa = PBXBuildFile; productRef = 2A213300C93BF0054D83D85D /* Destinations */; };
		D1B69547449C5B4B58E8DBEA /* MixerLink in Frameworks */ = {isa = PBXBuildFile; productRef = 3F4AE86B4D698E33356CCFFE /* MixerLink */; };
		E81A70130E30A8E156EDA841 /* AudioIO in Frameworks */ = {isa = PBXBuildFile; productRef = 06DFC4C4263644F94AB1BE1B /* AudioIO */; };
		F316B6D0CB9427B29787ED74 /* PrivacyInfo.xcprivacy in Resources */ = {isa = PBXBuildFile; fileRef = A66A4A288C0B0A560B802624 /* PrivacyInfo.xcprivacy */; };
		F7769B6393421DB1EE75F743 /* QuitGuard.swift in Sources */ = {isa = PBXBuildFile; fileRef = 38DF639C46586DCDF4866E87 /* QuitGuard.swift */; };
/* End PBXBuildFile section */

/* Begin PBXFileReference section */
		034579A5DCE44DCC61521CA4 /* ShowListView.swift */ = {isa = PBXFileReference; lastKnownFileType = sourcecode.swift; path = ShowListView.swift; sourceTree = "<group>"; };
		078720CF89E26EE2F4248B22 /* MarkerListView.swift */ = {isa = PBXFileReference; lastKnownFileType = sourcecode.swift; path = MarkerListView.swift; sourceTree = "<group>"; };
		132D4E144CE66237000078F5 /* DeleteShowSheet.swift */ = {isa = PBXFileReference; lastKnownFileType = sourcecode.swift; path = DeleteShowSheet.swift; sourceTree = "<group>"; };
		2220CC601D180E6771D03197 /* ShowDetailView.swift */ = {isa = PBXFileReference; lastKnownFileType = sourcecode.swift; path = ShowDetailView.swift; sourceTree = "<group>"; };
		2794C7A06BF3F0B4E5F274F6 /* DemoAudioDevice.swift */ = {isa = PBXFileReference; lastKnownFileType = sourcecode.swift; path = DemoAudioDevice.swift; sourceTree = "<group>"; };
		38DF639C46586DCDF4866E87 /* QuitGuard.swift */ = {isa = PBXFileReference; lastKnownFileType = sourcecode.swift; path = QuitGuard.swift; sourceTree = "<group>"; };
		391362E4626ED278BF3DF54D /* NewShowSheet.swift */ = {isa = PBXFileReference; lastKnownFileType = sourcecode.swift; path = NewShowSheet.swift; sourceTree = "<group>"; };
		3ED85A0ECD05797420331099 /* Info.plist */ = {isa = PBXFileReference; lastKnownFileType = text.plist; path = Info.plist; sourceTree = "<group>"; };
		3F1B5EEDD8FA484B7416BB0B /* AppearanceStyle.swift */ = {isa = PBXFileReference; lastKnownFileType = sourcecode.swift; path = AppearanceStyle.swift; sourceTree = "<group>"; };
		3F25297D625A2C059541D858 /* StatusStrip.swift */ = {isa = PBXFileReference; lastKnownFileType = sourcecode.swift; path = StatusStrip.swift; sourceTree = "<group>"; };
		497820F0F5EF694FC7765883 /* DriveFolderModel.swift */ = {isa = PBXFileReference; lastKnownFileType = sourcecode.swift; path = DriveFolderModel.swift; sourceTree = "<group>"; };
		5E878A7AD64F581255B82A6E /* ProSection.swift */ = {isa = PBXFileReference; lastKnownFileType = sourcecode.swift; path = ProSection.swift; sourceTree = "<group>"; };
		625D1286301830679767FD67 /* LaunchFlag.swift */ = {isa = PBXFileReference; lastKnownFileType = sourcecode.swift; path = LaunchFlag.swift; sourceTree = "<group>"; };
		7433F0C38BA17BE5139E5326 /* ShowRecorderApp.swift */ = {isa = PBXFileReference; lastKnownFileType = sourcecode.swift; path = ShowRecorderApp.swift; sourceTree = "<group>"; };
		848566071F05B3D655086E7A /* ShowRecorder.storekit */ = {isa = PBXFileReference; path = ShowRecorder.storekit; sourceTree = "<group>"; };
		84AAAF44EF0038E4AFC2D899 /* RecordScreen.swift */ = {isa = PBXFileReference; lastKnownFileType = sourcecode.swift; path = RecordScreen.swift; sourceTree = "<group>"; };
		8CC47A3C7EE61A034F3F6FE0 /* SettingsView.swift */ = {isa = PBXFileReference; lastKnownFileType = sourcecode.swift; path = SettingsView.swift; sourceTree = "<group>"; };
		8DFAA5CBF9186C8638F0BDDD /* WindowCloseGuard.swift */ = {isa = PBXFileReference; lastKnownFileType = sourcecode.swift; path = WindowCloseGuard.swift; sourceTree = "<group>"; };
		8F032F2B06E5F2F3AA51A95B /* Assets.xcassets */ = {isa = PBXFileReference; lastKnownFileType = folder.assetcatalog; path = Assets.xcassets; sourceTree = "<group>"; };
		90AA2E3938B5B72E1F6B30B8 /* PowerMonitor.swift */ = {isa = PBXFileReference; lastKnownFileType = sourcecode.swift; path = PowerMonitor.swift; sourceTree = "<group>"; };
		93A6FB94028F7291894E26FC /* ProStore.swift */ = {isa = PBXFileReference; lastKnownFileType = sourcecode.swift; path = ProStore.swift; sourceTree = "<group>"; };
		A28ABB2DC3361762848F2190 /* AudioSessionEvents.swift */ = {isa = PBXFileReference; lastKnownFileType = sourcecode.swift; path = AudioSessionEvents.swift; sourceTree = "<group>"; };
		A48D43A0417E4FE9049EE0AC /* ShowRecorderKit */ = {isa = PBXFileReference; lastKnownFileType = folder; name = ShowRecorderKit; path = Packages/ShowRecorderKit; sourceTree = SOURCE_ROOT; };
		A570C7ADCE1D60BED124A213 /* ShowRecorder.entitlements */ = {isa = PBXFileReference; lastKnownFileType = text.plist.entitlements; path = ShowRecorder.entitlements; sourceTree = "<group>"; };
		A66A4A288C0B0A560B802624 /* PrivacyInfo.xcprivacy */ = {isa = PBXFileReference; path = PrivacyInfo.xcprivacy; sourceTree = "<group>"; };
		BB46E32691A6C070E799F33D /* MeterGrid.swift */ = {isa = PBXFileReference; lastKnownFileType = sourcecode.swift; path = MeterGrid.swift; sourceTree = "<group>"; };
		DBBDC7B3AA4C8B14B57747DD /* ShowRecorder.app */ = {isa = PBXFileReference; includeInIndex = 0; lastKnownFileType = wrapper.application; path = ShowRecorder.app; sourceTree = BUILT_PRODUCTS_DIR; };
		F37D396FDE04128489306DC3 /* ChannelNamesView.swift */ = {isa = PBXFileReference; lastKnownFileType = sourcecode.swift; path = ChannelNamesView.swift; sourceTree = "<group>"; };
/* End PBXFileReference section */

/* Begin PBXFrameworksBuildPhase section */
		D09CE2D46E8690B6900553EC /* Frameworks */ = {
			isa = PBXFrameworksBuildPhase;
			buildActionMask = 2147483647;
			files = (
				E81A70130E30A8E156EDA841 /* AudioIO in Frameworks */,
				32D2E536D45006ECF7CCDB6E /* Recording in Frameworks */,
				A9A8E28730C7E54C34DF1CAE /* CoreAudioIO in Frameworks */,
				D1B69547449C5B4B58E8DBEA /* MixerLink in Frameworks */,
				CFC9F8D3194115954ABE8B0D /* Destinations in Frameworks */,
			);
			runOnlyForDeploymentPostprocessing = 0;
		};
/* End PBXFrameworksBuildPhase section */

/* Begin PBXGroup section */
		0F3D60D88E0358A4BF77F4DA = {
			isa = PBXGroup;
			children = (
				7D29790BDD8606B15D2933AF /* App */,
				CAAD9973D06474139B38A01E /* Packages */,
				8C44A59A53F6658ADC62471D /* Products */,
			);
			sourceTree = "<group>";
		};
		7D29790BDD8606B15D2933AF /* App */ = {
			isa = PBXGroup;
			children = (
				3F1B5EEDD8FA484B7416BB0B /* AppearanceStyle.swift */,
				8F032F2B06E5F2F3AA51A95B /* Assets.xcassets */,
				A28ABB2DC3361762848F2190 /* AudioSessionEvents.swift */,
				F37D396FDE04128489306DC3 /* ChannelNamesView.swift */,
				132D4E144CE66237000078F5 /* DeleteShowSheet.swift */,
				2794C7A06BF3F0B4E5F274F6 /* DemoAudioDevice.swift */,
				497820F0F5EF694FC7765883 /* DriveFolderModel.swift */,
				3ED85A0ECD05797420331099 /* Info.plist */,
				625D1286301830679767FD67 /* LaunchFlag.swift */,
				078720CF89E26EE2F4248B22 /* MarkerListView.swift */,
				BB46E32691A6C070E799F33D /* MeterGrid.swift */,
				391362E4626ED278BF3DF54D /* NewShowSheet.swift */,
				90AA2E3938B5B72E1F6B30B8 /* PowerMonitor.swift */,
				A66A4A288C0B0A560B802624 /* PrivacyInfo.xcprivacy */,
				5E878A7AD64F581255B82A6E /* ProSection.swift */,
				93A6FB94028F7291894E26FC /* ProStore.swift */,
				38DF639C46586DCDF4866E87 /* QuitGuard.swift */,
				84AAAF44EF0038E4AFC2D899 /* RecordScreen.swift */,
				8CC47A3C7EE61A034F3F6FE0 /* SettingsView.swift */,
				2220CC601D180E6771D03197 /* ShowDetailView.swift */,
				034579A5DCE44DCC61521CA4 /* ShowListView.swift */,
				A570C7ADCE1D60BED124A213 /* ShowRecorder.entitlements */,
				848566071F05B3D655086E7A /* ShowRecorder.storekit */,
				7433F0C38BA17BE5139E5326 /* ShowRecorderApp.swift */,
				3F25297D625A2C059541D858 /* StatusStrip.swift */,
				8DFAA5CBF9186C8638F0BDDD /* WindowCloseGuard.swift */,
			);
			path = App;
			sourceTree = "<group>";
		};
		8C44A59A53F6658ADC62471D /* Products */ = {
			isa = PBXGroup;
			children = (
				DBBDC7B3AA4C8B14B57747DD /* ShowRecorder.app */,
			);
			name = Products;
			sourceTree = "<group>";
		};
		CAAD9973D06474139B38A01E /* Packages */ = {
			isa = PBXGroup;
			children = (
				A48D43A0417E4FE9049EE0AC /* ShowRecorderKit */,
			);
			path = Packages;
			sourceTree = "<group>";
		};
/* End PBXGroup section */

/* Begin PBXNativeTarget section */
		82F40D7D48D41E2D14C59F99 /* ShowRecorder */ = {
			isa = PBXNativeTarget;
			buildConfigurationList = 4A355E5B0F9576171FA15E66 /* Build configuration list for PBXNativeTarget "ShowRecorder" */;
			buildPhases = (
				30EA3D562AC6351BF6B1A34D /* Sources */,
				685D725EB2A16C093B884370 /* Resources */,
				D09CE2D46E8690B6900553EC /* Frameworks */,
			);
			buildRules = (
			);
			dependencies = (
			);
			name = ShowRecorder;
			packageProductDependencies = (
				06DFC4C4263644F94AB1BE1B /* AudioIO */,
				E4B425D454C0ADEC5187ABCF /* Recording */,
				F366717F80C358C5B3DD7D70 /* CoreAudioIO */,
				3F4AE86B4D698E33356CCFFE /* MixerLink */,
				2A213300C93BF0054D83D85D /* Destinations */,
			);
			productName = ShowRecorder;
			productReference = DBBDC7B3AA4C8B14B57747DD /* ShowRecorder.app */;
			productType = "com.apple.product-type.application";
		};
/* End PBXNativeTarget section */

/* Begin PBXProject section */
		9B26EFDEABD4795306767E8B /* Project object */ = {
			isa = PBXProject;
			attributes = {
				BuildIndependentTargetsInParallel = YES;
				LastUpgradeCheck = 1430;
				TargetAttributes = {
					82F40D7D48D41E2D14C59F99 = {
						ProvisioningStyle = Automatic;
					};
				};
			};
			buildConfigurationList = FB87F437EBDA4938329621E6 /* Build configuration list for PBXProject "ShowRecorder" */;
			developmentRegion = en;
			hasScannedForEncodings = 0;
			knownRegions = (
				Base,
				en,
			);
			mainGroup = 0F3D60D88E0358A4BF77F4DA;
			minimizedProjectReferenceProxies = 1;
			packageReferences = (
				5DB02B24CB6B6C775EF1D338 /* XCLocalSwiftPackageReference "Packages/ShowRecorderKit" */,
			);
			preferredProjectObjectVersion = 77;
			productRefGroup = 8C44A59A53F6658ADC62471D /* Products */;
			projectDirPath = "";
			projectRoot = "";
			targets = (
				82F40D7D48D41E2D14C59F99 /* ShowRecorder */,
			);
		};
/* End PBXProject section */

/* Begin PBXResourcesBuildPhase section */
		685D725EB2A16C093B884370 /* Resources */ = {
			isa = PBXResourcesBuildPhase;
			buildActionMask = 2147483647;
			files = (
				4B277180EC441F56D74ED665 /* Assets.xcassets in Resources */,
				F316B6D0CB9427B29787ED74 /* PrivacyInfo.xcprivacy in Resources */,
			);
			runOnlyForDeploymentPostprocessing = 0;
		};
/* End PBXResourcesBuildPhase section */

/* Begin PBXSourcesBuildPhase section */
		30EA3D562AC6351BF6B1A34D /* Sources */ = {
			isa = PBXSourcesBuildPhase;
			buildActionMask = 2147483647;
			files = (
				4B1D83A876DD31D7B6E31F73 /* AppearanceStyle.swift in Sources */,
				27511B0372DDD64DA03A84AC /* AudioSessionEvents.swift in Sources */,
				3F72BDB1F6F5F7C117C7A4DF /* ChannelNamesView.swift in Sources */,
				13CE6C2DF7A961177DECE074 /* DeleteShowSheet.swift in Sources */,
				47525D0C9DECC739535A5E15 /* DemoAudioDevice.swift in Sources */,
				BD8A89087734093AB7AABE15 /* DriveFolderModel.swift in Sources */,
				A159D220EC3F72CD05142F7A /* LaunchFlag.swift in Sources */,
				B5FB0EEE03B673365A8114BA /* MarkerListView.swift in Sources */,
				7978ADCB74542A7F2803E11F /* MeterGrid.swift in Sources */,
				C8FAB22502DCD4DD3F5DED9D /* NewShowSheet.swift in Sources */,
				B243E4DC015F2D21E51CF47F /* PowerMonitor.swift in Sources */,
				BADEF205E3EB926F596C5E62 /* ProSection.swift in Sources */,
				C68029C5842FA7BCB2FBF535 /* ProStore.swift in Sources */,
				F7769B6393421DB1EE75F743 /* QuitGuard.swift in Sources */,
				992430B53737588E241A07B2 /* RecordScreen.swift in Sources */,
				BDB211EC46C2B160A043D06F /* SettingsView.swift in Sources */,
				CD0970AC1E67A961E697395E /* ShowDetailView.swift in Sources */,
				255D20FDD3402F29F4A72FE9 /* ShowListView.swift in Sources */,
				1D0AAB2401EFEADA6CDDEB2C /* ShowRecorderApp.swift in Sources */,
				75CA30F76EAD77FB29C41E7C /* StatusStrip.swift in Sources */,
				42E521FCCC800B2B20D0B69B /* WindowCloseGuard.swift in Sources */,
			);
			runOnlyForDeploymentPostprocessing = 0;
		};
/* End PBXSourcesBuildPhase section */

/* Begin XCBuildConfiguration section */
		0ECD256BFC8F89B6CA479980 /* Debug */ = {
			isa = XCBuildConfiguration;
			buildSettings = {
				ASSETCATALOG_COMPILER_APPICON_NAME = AppIcon;
				CODE_SIGN_ENTITLEMENTS = App/ShowRecorder.entitlements;
				CODE_SIGN_IDENTITY = "iPhone Developer";
				CODE_SIGN_STYLE = Automatic;
				ENABLE_HARDENED_RUNTIME = YES;
				GENERATE_INFOPLIST_FILE = NO;
				INFOPLIST_FILE = App/Info.plist;
				LD_RUNPATH_SEARCH_PATHS = (
					"$(inherited)",
					"@executable_path/Frameworks",
				);
				PRODUCT_BUNDLE_IDENTIFIER = dev.ericdahl.ShowRecorder;
				SDKROOT = auto;
				SUPPORTED_PLATFORMS = "iphoneos iphonesimulator macosx";
				SUPPORTS_MACCATALYST = NO;
				SUPPORTS_MAC_DESIGNED_FOR_IPHONE_IPAD = NO;
				SUPPORTS_XR_DESIGNED_FOR_IPHONE_IPAD = YES;
				TARGETED_DEVICE_FAMILY = "1,2";
			};
			name = Debug;
		};
		606A127CF0103B164A431453 /* Release */ = {
			isa = XCBuildConfiguration;
			buildSettings = {
				ASSETCATALOG_COMPILER_APPICON_NAME = AppIcon;
				CODE_SIGN_ENTITLEMENTS = App/ShowRecorder.entitlements;
				CODE_SIGN_IDENTITY = "iPhone Developer";
				CODE_SIGN_STYLE = Automatic;
				ENABLE_HARDENED_RUNTIME = YES;
				GENERATE_INFOPLIST_FILE = NO;
				INFOPLIST_FILE = App/Info.plist;
				LD_RUNPATH_SEARCH_PATHS = (
					"$(inherited)",
					"@executable_path/Frameworks",
				);
				PRODUCT_BUNDLE_IDENTIFIER = dev.ericdahl.ShowRecorder;
				SDKROOT = auto;
				SUPPORTED_PLATFORMS = "iphoneos iphonesimulator macosx";
				SUPPORTS_MACCATALYST = NO;
				SUPPORTS_MAC_DESIGNED_FOR_IPHONE_IPAD = NO;
				SUPPORTS_XR_DESIGNED_FOR_IPHONE_IPAD = YES;
				TARGETED_DEVICE_FAMILY = "1,2";
			};
			name = Release;
		};
		9593E530ADDDAE0329F8C197 /* Release */ = {
			isa = XCBuildConfiguration;
			buildSettings = {
				ALWAYS_SEARCH_USER_PATHS = NO;
				CLANG_ANALYZER_NONNULL = YES;
				CLANG_ANALYZER_NUMBER_OBJECT_CONVERSION = YES_AGGRESSIVE;
				CLANG_CXX_LANGUAGE_STANDARD = "gnu++14";
				CLANG_CXX_LIBRARY = "libc++";
				CLANG_ENABLE_MODULES = YES;
				CLANG_ENABLE_OBJC_ARC = YES;
				CLANG_ENABLE_OBJC_WEAK = YES;
				CLANG_WARN_BLOCK_CAPTURE_AUTORELEASING = YES;
				CLANG_WARN_BOOL_CONVERSION = YES;
				CLANG_WARN_COMMA = YES;
				CLANG_WARN_CONSTANT_CONVERSION = YES;
				CLANG_WARN_DEPRECATED_OBJC_IMPLEMENTATIONS = YES;
				CLANG_WARN_DIRECT_OBJC_ISA_USAGE = YES_ERROR;
				CLANG_WARN_DOCUMENTATION_COMMENTS = YES;
				CLANG_WARN_EMPTY_BODY = YES;
				CLANG_WARN_ENUM_CONVERSION = YES;
				CLANG_WARN_INFINITE_RECURSION = YES;
				CLANG_WARN_INT_CONVERSION = YES;
				CLANG_WARN_NON_LITERAL_NULL_CONVERSION = YES;
				CLANG_WARN_OBJC_IMPLICIT_RETAIN_SELF = YES;
				CLANG_WARN_OBJC_LITERAL_CONVERSION = YES;
				CLANG_WARN_OBJC_ROOT_CLASS = YES_ERROR;
				CLANG_WARN_QUOTED_INCLUDE_IN_FRAMEWORK_HEADER = YES;
				CLANG_WARN_RANGE_LOOP_ANALYSIS = YES;
				CLANG_WARN_STRICT_PROTOTYPES = YES;
				CLANG_WARN_SUSPICIOUS_MOVE = YES;
				CLANG_WARN_UNGUARDED_AVAILABILITY = YES_AGGRESSIVE;
				CLANG_WARN_UNREACHABLE_CODE = YES;
				CLANG_WARN__DUPLICATE_METHOD_MATCH = YES;
				COPY_PHASE_STRIP = NO;
				CURRENT_PROJECT_VERSION = 1;
				DEBUG_INFORMATION_FORMAT = "dwarf-with-dsym";
				ENABLE_NS_ASSERTIONS = NO;
				ENABLE_STRICT_OBJC_MSGSEND = YES;
				GCC_C_LANGUAGE_STANDARD = gnu11;
				GCC_NO_COMMON_BLOCKS = YES;
				GCC_WARN_64_TO_32_BIT_CONVERSION = YES;
				GCC_WARN_ABOUT_RETURN_TYPE = YES_ERROR;
				GCC_WARN_UNDECLARED_SELECTOR = YES;
				GCC_WARN_UNINITIALIZED_AUTOS = YES_AGGRESSIVE;
				GCC_WARN_UNUSED_FUNCTION = YES;
				GCC_WARN_UNUSED_VARIABLE = YES;
				IPHONEOS_DEPLOYMENT_TARGET = 26.0;
				MACOSX_DEPLOYMENT_TARGET = 26.0;
				MARKETING_VERSION = 0.1.0;
				MTL_ENABLE_DEBUG_INFO = NO;
				MTL_FAST_MATH = YES;
				PRODUCT_NAME = "$(TARGET_NAME)";
				SDKROOT = auto;
				SWIFT_COMPILATION_MODE = wholemodule;
				SWIFT_OPTIMIZATION_LEVEL = "-O";
				SWIFT_VERSION = 6.0;
			};
			name = Release;
		};
		EA516989143D96D6791468BD /* Debug */ = {
			isa = XCBuildConfiguration;
			buildSettings = {
				ALWAYS_SEARCH_USER_PATHS = NO;
				CLANG_ANALYZER_NONNULL = YES;
				CLANG_ANALYZER_NUMBER_OBJECT_CONVERSION = YES_AGGRESSIVE;
				CLANG_CXX_LANGUAGE_STANDARD = "gnu++14";
				CLANG_CXX_LIBRARY = "libc++";
				CLANG_ENABLE_MODULES = YES;
				CLANG_ENABLE_OBJC_ARC = YES;
				CLANG_ENABLE_OBJC_WEAK = YES;
				CLANG_WARN_BLOCK_CAPTURE_AUTORELEASING = YES;
				CLANG_WARN_BOOL_CONVERSION = YES;
				CLANG_WARN_COMMA = YES;
				CLANG_WARN_CONSTANT_CONVERSION = YES;
				CLANG_WARN_DEPRECATED_OBJC_IMPLEMENTATIONS = YES;
				CLANG_WARN_DIRECT_OBJC_ISA_USAGE = YES_ERROR;
				CLANG_WARN_DOCUMENTATION_COMMENTS = YES;
				CLANG_WARN_EMPTY_BODY = YES;
				CLANG_WARN_ENUM_CONVERSION = YES;
				CLANG_WARN_INFINITE_RECURSION = YES;
				CLANG_WARN_INT_CONVERSION = YES;
				CLANG_WARN_NON_LITERAL_NULL_CONVERSION = YES;
				CLANG_WARN_OBJC_IMPLICIT_RETAIN_SELF = YES;
				CLANG_WARN_OBJC_LITERAL_CONVERSION = YES;
				CLANG_WARN_OBJC_ROOT_CLASS = YES_ERROR;
				CLANG_WARN_QUOTED_INCLUDE_IN_FRAMEWORK_HEADER = YES;
				CLANG_WARN_RANGE_LOOP_ANALYSIS = YES;
				CLANG_WARN_STRICT_PROTOTYPES = YES;
				CLANG_WARN_SUSPICIOUS_MOVE = YES;
				CLANG_WARN_UNGUARDED_AVAILABILITY = YES_AGGRESSIVE;
				CLANG_WARN_UNREACHABLE_CODE = YES;
				CLANG_WARN__DUPLICATE_METHOD_MATCH = YES;
				COPY_PHASE_STRIP = NO;
				CURRENT_PROJECT_VERSION = 1;
				DEBUG_INFORMATION_FORMAT = dwarf;
				ENABLE_STRICT_OBJC_MSGSEND = YES;
				ENABLE_TESTABILITY = YES;
				GCC_C_LANGUAGE_STANDARD = gnu11;
				GCC_DYNAMIC_NO_PIC = NO;
				GCC_NO_COMMON_BLOCKS = YES;
				GCC_OPTIMIZATION_LEVEL = 0;
				GCC_PREPROCESSOR_DEFINITIONS = (
					"$(inherited)",
					"DEBUG=1",
				);
				GCC_WARN_64_TO_32_BIT_CONVERSION = YES;
				GCC_WARN_ABOUT_RETURN_TYPE = YES_ERROR;
				GCC_WARN_UNDECLARED_SELECTOR = YES;
				GCC_WARN_UNINITIALIZED_AUTOS = YES_AGGRESSIVE;
				GCC_WARN_UNUSED_FUNCTION = YES;
				GCC_WARN_UNUSED_VARIABLE = YES;
				IPHONEOS_DEPLOYMENT_TARGET = 26.0;
				MACOSX_DEPLOYMENT_TARGET = 26.0;
				MARKETING_VERSION = 0.1.0;
				MTL_ENABLE_DEBUG_INFO = INCLUDE_SOURCE;
				MTL_FAST_MATH = YES;
				ONLY_ACTIVE_ARCH = YES;
				PRODUCT_NAME = "$(TARGET_NAME)";
				SDKROOT = auto;
				SWIFT_ACTIVE_COMPILATION_CONDITIONS = DEBUG;
				SWIFT_OPTIMIZATION_LEVEL = "-Onone";
				SWIFT_VERSION = 6.0;
			};
			name = Debug;
		};
/* End XCBuildConfiguration section */

/* Begin XCConfigurationList section */
		4A355E5B0F9576171FA15E66 /* Build configuration list for PBXNativeTarget "ShowRecorder" */ = {
			isa = XCConfigurationList;
			buildConfigurations = (
				0ECD256BFC8F89B6CA479980 /* Debug */,
				606A127CF0103B164A431453 /* Release */,
			);
			defaultConfigurationIsVisible = 0;
			defaultConfigurationName = Debug;
		};
		FB87F437EBDA4938329621E6 /* Build configuration list for PBXProject "ShowRecorder" */ = {
			isa = XCConfigurationList;
			buildConfigurations = (
				EA516989143D96D6791468BD /* Debug */,
				9593E530ADDDAE0329F8C197 /* Release */,
			);
			defaultConfigurationIsVisible = 0;
			defaultConfigurationName = Debug;
		};
/* End XCConfigurationList section */

/* Begin XCLocalSwiftPackageReference section */
		5DB02B24CB6B6C775EF1D338 /* XCLocalSwiftPackageReference "Packages/ShowRecorderKit" */ = {
			isa = XCLocalSwiftPackageReference;
			relativePath = Packages/ShowRecorderKit;
		};
/* End XCLocalSwiftPackageReference section */

/* Begin XCSwiftPackageProductDependency section */
		06DFC4C4263644F94AB1BE1B /* AudioIO */ = {
			isa = XCSwiftPackageProductDependency;
			productName = AudioIO;
		};
		2A213300C93BF0054D83D85D /* Destinations */ = {
			isa = XCSwiftPackageProductDependency;
			productName = Destinations;
		};
		3F4AE86B4D698E33356CCFFE /* MixerLink */ = {
			isa = XCSwiftPackageProductDependency;
			productName = MixerLink;
		};
		E4B425D454C0ADEC5187ABCF /* Recording */ = {
			isa = XCSwiftPackageProductDependency;
			productName = Recording;
		};
		F366717F80C358C5B3DD7D70 /* CoreAudioIO */ = {
			isa = XCSwiftPackageProductDependency;
			productName = CoreAudioIO;
		};
/* End XCSwiftPackageProductDependency section */
	};
	rootObject = 9B26EFDEABD4795306767E8B /* Project object */;
}
